// !$*UTF8*$!
{
	archiveVersion = 1;
	classes = {
	};
	objectVersion = 55;
	objects = {

/* Begin PBXBuildFile section */
		8EFEAC70298CE9E900CCE54D /* AppDelegate.swift in Sources */ = {isa = PBXBuildFile; fileRef = 8EFEAC6F298CE9E900CCE54D /* AppDelegate.swift */; };
		8EFEAC72298CE9E900CCE54D /* SceneDelegate.swift in Sources */ = {isa = PBXBuildFile; fileRef = 8EFEAC71298CE9E900CCE54D /* SceneDelegate.swift */; };
		8EFEAC74298CE9E900CCE54D /* ViewController.swift in Sources */ = {isa = PBXBuildFile; fileRef = 8EFEAC73298CE9E900CCE54D /* ViewController.swift */; };
		8EFEAC77298CE9E900CCE54D /* Main.storyboard in Resources */ = {isa = PBXBuildFile; fileRef = 8EFEAC75298CE9E900CCE54D /* Main.storyboard */; };
		8EFEAC79298CE9EC00CCE54D /* Assets.xcassets in Resources */ = {isa = PBXBuildFile; fileRef = 8EFEAC78298CE9EC00CCE54D /* Assets.xcassets */; };
		8EFEAC7C298CE9EC00CCE54D /* LaunchScreen.storyboard in Resources */ = {isa = PBXBuildFile; fileRef = 8EFEAC7A298CE9EC00CCE54D /* LaunchScreen.storyboard */; };
		8EFEAC87298CE9EC00CCE54D /* IntroduceStudentTests.swift in Sources */ = {isa = PBXBuildFile; fileRef = 8EFEAC86298CE9EC00CCE54D /* IntroduceStudentTests.swift */; };
		8EFEAC91298CE9EC00CCE54D /* IntroduceStudentUITests.swift in Sources */ = {isa = PBXBuildFile; fileRef = 8EFEAC90298CE9EC00CCE54D /* IntroduceStudentUITests.swift */; };
		8EFEAC93298CE9EC00CCE54D /* IntroduceStudentUITestsLaunchTests.swift in Sources */ = {isa = PBXBuildFile; fileRef = 8EFEAC92298CE9EC00CCE54D /* IntroduceStudentUITestsLaunchTests.swift */; };
/* End PBXBuildFile section */

/* Begin PBXContainerItemProxy section */
		8EFEAC83298CE9EC00CCE54D /* PBXContainerItemProxy */ = {
			isa = PBXContainerItemProxy;
			containerPortal = 8EFEAC64298CE9E900CCE54D /* Project object */;
			proxyType = 1;
			remoteGlobalIDString = 8EFEAC6B298CE9E900CCE54D;
			remoteInfo = IntroduceStudent;
		};
		8EFEAC8D298CE9EC00CCE54D /* PBXContainerItemProxy */ = {
			isa = PBXContainerItemProxy;
			containerPortal = 8EFEAC64298CE9E900CCE54D /* Project object */;
			proxyType = 1;
			remoteGlobalIDString = 8EFEAC6B298CE9E900CCE54D;
			remoteInfo = IntroduceStudent;
		};
/* End PBXContainerItemProxy section */

/* Begin PBXFileReference section */
		8EFEAC6C298CE9E900CCE54D /* IntroduceStudent.app */ = {isa = PBXFileReference; explicitFileType = wrapper.application; includeInIndex = 0; path = IntroduceStudent.app; sourceTree = BUILT_PRODUCTS_DIR; };
		8EFEAC6F298CE9E900CCE54D /* AppDelegate.swift */ = {isa = PBXFileReference; lastKnownFileType = sourcecode.swift; path = AppDelegate.swift; sourceTree = "<group>"; };
		8EFEAC71298CE9E900CCE54D /* SceneDelegate.swift */ = {isa = PBXFileReference; lastKnownFileType = sourcecode.swift; path = SceneDelegate.swift; sourceTree = "<group>"; };
		8EFEAC73298CE9E900CCE54D /* ViewController.swift */ = {isa = PBXFileReference; lastKnownFileType = sourcecode.swift; path = ViewController.swift; sourceTree = "<group>"; };
		8EFEAC76298CE9E900CCE54D /* Base */ = {isa = PBXFileReference; lastKnownFileType = file.storyboard; name = Base; path = Base.lproj/Main.storyboard; sourceTree = "<group>"; };
		8EFEAC78298CE9EC00CCE54D /* Assets.xcassets */ = {isa = PBXFileReference; lastKnownFileType = folder.assetcatalog; path = Assets.xcassets; sourceTree = "<group>"; };
		8EFEAC7B298CE9EC00CCE54D /* Base */ = {isa = PBXFileReference; lastKnownFileType = file.storyboard; name = Base; path = Base.lproj/LaunchScreen.storyboard; sourceTree = "<group>"; };
		8EFEAC7D298CE9EC00CCE54D /* Info.plist */ = {isa = PBXFileReference; lastKnownFileType = text.plist.xml; path = Info.plist; sourceTree = "<group>"; };
		8EFEAC82298CE9EC00CCE54D /* IntroduceStudentTests.xctest */ = {isa = PBXFileReference; explicitFileType = wrapper.cfbundle; includeInIndex = 0; path = IntroduceStudentTests.xctest; sourceTree = BUILT_PRODUCTS_DIR; };
		8EFEAC86298CE9EC00CCE54D /* IntroduceStudentTests.swift */ = {isa = PBXFileReference; lastKnownFileType = sourcecode.swift; path = IntroduceStudentTests.swift; sourceTree = "<group>"; };
		8EFEAC8C298CE9EC00CCE54D /* IntroduceStudentUITests.xctest */ = {isa = PBXFileReference; explicitFileType = wrapper.cfbundle; includeInIndex = 0; path = IntroduceStudentUITests.xctest; sourceTree = BUILT_PRODUCTS_DIR; };
		8EFEAC90298CE9EC00CCE54D /* IntroduceStudentUITests.swift */ = {isa = PBXFileReference; lastKnownFileType = sourcecode.swift; path = IntroduceStudentUITests.swift; sourceTree = "<group>"; };
		8EFEAC92298CE9EC00CCE54D /* IntroduceStudentUITestsLaunchTests.swift */ = {isa = PBXFileReference; lastKnownFileType = sourcecode.swift; path = IntroduceStudentUITestsLaunchTests.swift; sourceTree = "<group>"; };
/* End PBXFileReference section */

/* Begin PBXFrameworksBuildPhase section */
		8EFEAC69298CE9E900CCE54D /* Frameworks */ = {
			isa = PBXFrameworksBuildPhase;
			buildActionMask = 2147483647;
			files = (
			);
			runOnlyForDeploymentPostprocessing = 0;
		};
		8EFEAC7F298CE9EC00CCE54D /* Frameworks */ = {
			isa = PBXFrameworksBuildPhase;
			buildActionMask = 2147483647;
			files = (
			);
			runOnlyForDeploymentPostprocessing = 0;
		};
		8EFEAC89298CE9EC00CCE54D /* Frameworks */ = {
			isa = PBXFrameworksBuildPhase;
			buildActionMask = 2147483647;
			files = (
			);
			runOnlyForDeploymentPostprocessing = 0;
		};
/* End PBXFrameworksBuildPhase section */

/* Begin PBXGroup section */
		8EFEAC63298CE9E900CCE54D = {
			isa = PBXGroup;
			children = (
				8EFEAC6E298CE9E900CCE54D /* IntroduceStudent */,
				8EFEAC85298CE9EC00CCE54D /* IntroduceStudentTests */,
				8EFEAC8F298CE9EC00CCE54D /* IntroduceStudentUITests */,
				8EFEAC6D298CE9E900CCE54D /* Products */,
			);
			sourceTree = "<group>";
		};
		8EFEAC6D298CE9E900CCE54D /* Products */ = {
			isa = PBXGroup;
			children = (
				8EFEAC6C298CE9E900CCE54D /* IntroduceStudent.app */,
				8EFEAC82298CE9EC00CCE54D /* IntroduceStudentTests.xctest */,
				8EFEAC8C298CE9EC00CCE54D /* IntroduceStudentUITests.xctest */,
			);
			name = Products;
			sourceTree = "<group>";
		};
		8EFEAC6E298CE9E900CCE54D /* IntroduceStudent */ = {
			isa = PBXGroup;
			children = (
				8EFEAC6F298CE9E900CCE54D /* AppDelegate.swift */,
				8EFEAC71298CE9E900CCE54D /* SceneDelegate.swift */,
				8EFEAC73298CE9E900CCE54D /* ViewController.swift */,
				8EFEAC75298CE9E900CCE54D /* Main.storyboard */,
				8EFEAC78298CE9EC00CCE54D /* Assets.xcassets */,
				8EFEAC7A298CE9EC00CCE54D /* LaunchScreen.storyboard */,
				8EFEAC7D298CE9EC00CCE54D /* Info.plist */,
			);
			path = IntroduceStudent;
			sourceTree = "<group>";
		};
		8EFEAC85298CE9EC00CCE54D /* IntroduceStudentTests */ = {
			isa = PBXGroup;
			children = (
				8EFEAC86298CE9EC00CCE54D /* IntroduceStudentTests.swift */,
			);
			path = IntroduceStudentTests;
			sourceTree = "<group>";
		};
		8EFEAC8F298CE9EC00CCE54D /* IntroduceStudentUITests */ = {
			isa = PBXGroup;
			children = (
				8EFEAC90298CE9EC00CCE54D /* IntroduceStudentUITests.swift */,
				8EFEAC92298CE9EC00CCE54D /* IntroduceStudentUITestsLaunchTests.swift */,
			);
			path = IntroduceStudentUITests;
			sourceTree = "<group>";
		};
/* End PBXGroup section */

/* Begin PBXNativeTarget section */
		8EFEAC6B298CE9E900CCE54D /* IntroduceStudent */ = {
			isa = PBXNativeTarget;
			buildConfigurationList = 8EFEAC96298CE9EC00CCE54D /* Build configuration list for PBXNativeTarget "IntroduceStudent" */;
			buildPhases = (
				8EFEAC68298CE9E900CCE54D /* Sources */,
				8EFEAC69298CE9E900CCE54D /* Frameworks */,
				8EFEAC6A298CE9E900CCE54D /* Resources */,
			);
			buildRules = (
			);
			dependencies = (
			);
			name = IntroduceStudent;
			productName = IntroduceStudent;
			productReference = 8EFEAC6C298CE9E900CCE54D /* IntroduceStudent.app */;
			productType = "com.apple.product-type.application";
		};
		8EFEAC81298CE9EC00CCE54D /* IntroduceStudentTests */ = {
			isa = PBXNativeTarget;
			buildConfigurationList = 8EFEAC99298CE9EC00CCE54D /* Build configuration list for PBXNativeTarget "IntroduceStudentTests" */;
			buildPhases = (
				8EFEAC7E298CE9EC00CCE54D /* Sources */,
				8EFEAC7F298CE9EC00CCE54D /* Frameworks */,
				8EFEAC80298CE9EC00CCE54D /* Resources */,
			);
			buildRules = (
			);
			dependencies = (
				8EFEAC84298CE9EC00CCE54D /* PBXTargetDependency */,
			);
			name = IntroduceStudentTests;
			productName = IntroduceStudentTests;
			productReference = 8EFEAC82298CE9EC00CCE54D /* IntroduceStudentTests.xctest */;
			productType = "com.apple.product-type.bundle.unit-test";
		};
		8EFEAC8B298CE9EC00CCE54D /* IntroduceStudentUITests */ = {
			isa = PBXNativeTarget;
			buildConfigurationList = 8EFEAC9C298CE9EC00CCE54D /* Build configuration list for PBXNativeTarget "IntroduceStudentUITests" */;
			buildPhases = (
				8EFEAC88298CE9EC00CCE54D /* Sources */,
				8EFEAC89298CE9EC00CCE54D /* Frameworks */,
				8EFEAC8A298CE9EC00CCE54D /* Resources */,
			);
			buildRules = (
			);
			dependencies = (
				8EFEAC8E298CE9EC00CCE54D /* PBXTargetDependency */,
			);
			name = IntroduceStudentUITests;
			productName = IntroduceStudentUITests;
			productReference = 8EFEAC8C298CE9EC00CCE54D /* IntroduceStudentUITests.xctest */;
			productType = "com.apple.product-type.bundle.ui-testing";
		};
/* End PBXNativeTarget section */

/* Begin PBXProject section */
		8EFEAC64298CE9E900CCE54D /* Project object */ = {
			isa = PBXProject;
			attributes = {
				BuildIndependentTargetsInParallel = 1;
				LastSwiftUpdateCheck = 1340;
				LastUpgradeCheck = 1340;
				TargetAttributes = {
					8EFEAC6B298CE9E900CCE54D = {
						CreatedOnToolsVersion = 13.4.1;
					};
					8EFEAC81298CE9EC00CCE54D = {
						CreatedOnToolsVersion = 13.4.1;
						TestTargetID = 8EFEAC6B298CE9E900CCE54D;
					};
					8EFEAC8B298CE9EC00CCE54D = {
						CreatedOnToolsVersion = 13.4.1;
						TestTargetID = 8EFEAC6B298CE9E900CCE54D;
					};
				};
			};
			buildConfigurationList = 8EFEAC67298CE9E900CCE54D /* Build configuration list for PBXProject "IntroduceStudent" */;
			compatibilityVersion = "Xcode 13.0";
			developmentRegion = en;
			hasScannedForEncodings = 0;
			knownRegions = (
				en,
				Base,
			);
			mainGroup = 8EFEAC63298CE9E900CCE54D;
			productRefGroup = 8EFEAC6D298CE9E900CCE54D /* Products */;
			projectDirPath = "";
			projectRoot = "";
			targets = (
				8EFEAC6B298CE9E900CCE54D /* IntroduceStudent */,
				8EFEAC81298CE9EC00CCE54D /* IntroduceStudentTests */,
				8EFEAC8B298CE9EC00CCE54D /* IntroduceStudentUITests */,
			);
		};
/* End PBXProject section */

/* Begin PBXResourcesBuildPhase section */
		8EFEAC6A298CE9E900CCE54D /* Resources */ = {
			isa = PBXResourcesBuildPhase;
			buildActionMask = 2147483647;
			files = (
				8EFEAC7C298CE9EC00CCE54D /* LaunchScreen.storyboard in Resources */,
				8EFEAC79298CE9EC00CCE54D /* Assets.xcassets in Resources */,
				8EFEAC77298CE9E900CCE54D /* Main.storyboard in Resources */,
			);
			runOnlyForDeploymentPostprocessing = 0;
		};
		8EFEAC80298CE9EC00CCE54D /* Resources */ = {
			isa = PBXResourcesBuildPhase;
			buildActionMask = 2147483647;
			files = (
			);
			runOnlyForDeploymentPostprocessing = 0;
		};
		8EFEAC8A298CE9EC00CCE54D /* Resources */ = {
			isa = PBXResourcesBuildPhase;
			buildActionMask = 2147483647;
			files = (
			);
			runOnlyForDeploymentPostprocessing = 0;
		};
/* End PBXResourcesBuildPhase section */

/* Begin PBXSourcesBuildPhase section */
		8EFEAC68298CE9E900CCE54D /* Sources */ = {
			isa = PBXSourcesBuildPhase;
			buildActionMask = 2147483647;
			files = (
				8EFEAC74298CE9E900CCE54D /* ViewController.swift in Sources */,
				8EFEAC70298CE9E900CCE54D /* AppDelegate.swift in Sources */,
				8EFEAC72298CE9E900CCE54D /* SceneDelegate.swift in Sources */,
			);
			runOnlyForDeploymentPostprocessing = 0;
		};
		8EFEAC7E298CE9EC00CCE54D /* Sources */ = {
			isa = PBXSourcesBuildPhase;
			buildActionMask = 2147483647;
			files = (
				8EFEAC87298CE9EC00CCE54D /* IntroduceStudentTests.swift in Sources */,
			);
			runOnlyForDeploymentPostprocessing = 0;
		};
		8EFEAC88298CE9EC00CCE54D /* Sources */ = {
			isa = PBXSourcesBuildPhase;
			buildActionMask = 2147483647;
			files = (
				8EFEAC93298CE9EC00CCE54D /* IntroduceStudentUITestsLaunchTests.swift in Sources */,
				8EFEAC91298CE9EC00CCE54D /* IntroduceStudentUITests.swift in Sources */,
			);
			runOnlyForDeploymentPostprocessing = 0;
		};
/* End PBXSourcesBuildPhase section */

/* Begin PBXTargetDependency section */
		8EFEAC84298CE9EC00CCE54D /* PBXTargetDependency */ = {
			isa = PBXTargetDependency;
			target = 8EFEAC6B298CE9E900CCE54D /* IntroduceStudent */;
			targetProxy = 8EFEAC83298CE9EC00CCE54D /* PBXContainerItemProxy */;
		};
		8EFEAC8E298CE9EC00CCE54D /* PBXTargetDependency */ = {
			isa = PBXTargetDependency;
			target = 8EFEAC6B298CE9E900CCE54D /* IntroduceStudent */;
			targetProxy = 8EFEAC8D298CE9EC00CCE54D /* PBXContainerItemProxy */;
		};
/* End PBXTargetDependency section */

/* Begin PBXVariantGroup section */
		8EFEAC75298CE9E900CCE54D /* Main.storyboard */ = {
			isa = PBXVariantGroup;
			children = (
				8EFEAC76298CE9E900CCE54D /* Base */,
			);
			name = Main.storyboard;
			sourceTree = "<group>";
		};
		8EFEAC7A298CE9EC00CCE54D /* LaunchScreen.storyboard */ = {
			isa = PBXVariantGroup;
			children = (
				8EFEAC7B298CE9EC00CCE54D /* Base */,
			);
			name = LaunchScreen.storyboard;
			sourceTree = "<group>";
		};
/* End PBXVariantGroup section */

/* Begin XCBuildConfiguration section */
		8EFEAC94298CE9EC00CCE54D /* Debug */ = {
			isa = XCBuildConfiguration;
			buildSettings = {
				ALWAYS_SEARCH_USER_PATHS = NO;
				CLANG_ANALYZER_NONNULL = YES;
				CLANG_ANALYZER_NUMBER_OBJECT_CONVERSION = YES_AGGRESSIVE;
				CLANG_CXX_LANGUAGE_STANDARD = "gnu++17";
				CLANG_ENABLE_MODULES = YES;
				CLANG_ENABLE_OBJC_ARC = YES;
				CLANG_ENABLE_OBJC_WEAK = YES;
				CLANG_WARN_BLOCK_CAPTURE_AUTORELEASING = YES;
				CLANG_WARN_BOOL_CONVERSION = YES;
				CLANG_WARN_COMMA = YES;
				CLANG_WARN_CONSTANT_CONVERSION = YES;
				CLANG_WARN_DEPRECATED_OBJC_IMPLEMENTATIONS = YES;
				CLANG_WARN_DIRECT_OBJC_ISA_USAGE = YES_ERROR;
				CLANG_WARN_DOCUMENTATION_COMMENTS = YES;
				CLANG_WARN_EMPTY_BODY = YES;
				CLANG_WARN_ENUM_CONVERSION = YES;
				CLANG_WARN_INFINITE_RECURSION = YES;
				CLANG_WARN_INT_CONVERSION = YES;
				CLANG_WARN_NON_LITERAL_NULL_CONVERSION = YES;
				CLANG_WARN_OBJC_IMPLICIT_RETAIN_SELF = YES;
				CLANG_WARN_OBJC_LITERAL_CONVERSION = YES;
				CLANG_WARN_OBJC_ROOT_CLASS = YES_ERROR;
				CLANG_WARN_QUOTED_INCLUDE_IN_FRAMEWORK_HEADER = YES;
				CLANG_WARN_RANGE_LOOP_ANALYSIS = YES;
				CLANG_WARN_STRICT_PROTOTYPES = YES;
				CLANG_WARN_SUSPICIOUS_MOVE = YES;
				CLANG_WARN_UNGUARDED_AVAILABILITY = YES_AGGRESSIVE;
				CLANG_WARN_UNREACHABLE_CODE = YES;
				CLANG_WARN__DUPLICATE_METHOD_MATCH = YES;
				COPY_PHASE_STRIP = NO;
				DEBUG_INFORMATION_FORMAT = dwarf;
				ENABLE_STRICT_OBJC_MSGSEND = YES;
				ENABLE_TESTABILITY = YES;
				GCC_C_LANGUAGE_STANDARD = gnu11;
				GCC_DYNAMIC_NO_PIC = NO;
				GCC_NO_COMMON_BLOCKS = YES;
				GCC_OPTIMIZATION_LEVEL = 0;
				GCC_PREPROCESSOR_DEFINITIONS = (
					"DEBUG=1",
					"$(inherited)",
				);
				GCC_WARN_64_TO_32_BIT_CONVERSION = YES;
				GCC_WARN_ABOUT_RETURN_TYPE = YES_ERROR;
				GCC_WARN_UNDECLARED_SELECTOR = YES;
				GCC_WARN_UNINITIALIZED_AUTOS = YES_AGGRESSIVE;
				GCC_WARN_UNUSED_FUNCTION = YES;
				GCC_WARN_UNUSED_VARIABLE = YES;
				IPHONEOS_DEPLOYMENT_TARGET = 15.5;
				MTL_ENABLE_DEBUG_INFO = INCLUDE_SOURCE;
				MTL_FAST_MATH = YES;
				ONLY_ACTIVE_ARCH = YES;
				SDKROOT = iphoneos;
				SWIFT_ACTIVE_COMPILATION_CONDITIONS = DEBUG;
				SWIFT_OPTIMIZATION_LEVEL = "-Onone";
			};
			name = Debug;
		};
		8EFEAC95298CE9EC00CCE54D /* Release */ = {
			isa = XCBuildConfiguration;
			buildSettings = {
				ALWAYS_SEARCH_USER_PATHS = NO;
				CLANG_ANALYZER_NONNULL = YES;
				CLANG_ANALYZER_NUMBER_OBJECT_CONVERSION = YES_AGGRESSIVE;
				CLANG_CXX_LANGUAGE_STANDARD = "gnu++17";
				CLANG_ENABLE_MODULES = YES;
				CLANG_ENABLE_OBJC_ARC = YES;
				CLANG_ENABLE_OBJC_WEAK = YES;
				CLANG_WARN_BLOCK_CAPTURE_AUTORELEASING = YES;
				CLANG_WARN_BOOL_CONVERSION = YES;
				CLANG_WARN_COMMA = YES;
				CLANG_WARN_CONSTANT_CONVERSION = YES;
				CLANG_WARN_DEPRECATED_OBJC_IMPLEMENTATIONS = YES;
				CLANG_WARN_DIRECT_OBJC_ISA_USAGE = YES_ERROR;
				CLANG_WARN_DOCUMENTATION_COMMENTS = YES;
				CLANG_WARN_EMPTY_BODY = YES;
				CLANG_WARN_ENUM_CONVERSION = YES;
				CLANG_WARN_INFINITE_RECURSION = YES;
				CLANG_WARN_INT_CONVERSION = YES;
				CLANG_WARN_NON_LITERAL_NULL_CONVERSION = YES;
				CLANG_WARN_OBJC_IMPLICIT_RETAIN_SELF = YES;
				CLANG_WARN_OBJC_LITERAL_CONVERSION = YES;
				CLANG_WARN_OBJC_ROOT_CLASS = YES_ERROR;
				CLANG_WARN_QUOTED_INCLUDE_IN_FRAMEWORK_HEADER = YES;
				CLANG_WARN_RANGE_LOOP_ANALYSIS = YES;
				CLANG_WARN_STRICT_PROTOTYPES = YES;
				CLANG_WARN_SUSPICIOUS_MOVE = YES;
				CLANG_WARN_UNGUARDED_AVAILABILITY = YES_AGGRESSIVE;
				CLANG_WARN_UNREACHABLE_CODE = YES;
				CLANG_WARN__DUPLICATE_METHOD_MATCH = YES;
				COPY_PHASE_STRIP = NO;
				DEBUG_INFORMATION_FORMAT = "dwarf-with-dsym";
				ENABLE_NS_ASSERTIONS = NO;
				ENABLE_STRICT_OBJC_MSGSEND = YES;
				GCC_C_LANGUAGE_STANDARD = gnu11;
				GCC_NO_COMMON_BLOCKS = YES;
				GCC_WARN_64_TO_32_BIT_CONVERSION = YES;
				GCC_WARN_ABOUT_RETURN_TYPE = YES_ERROR;
				GCC_WARN_UNDECLARED_SELECTOR = YES;
				GCC_WARN_UNINITIALIZED_AUTOS = YES_AGGRESSIVE;
				GCC_WARN_UNUSED_FUNCTION = YES;
				GCC_WARN_UNUSED_VARIABLE = YES;
				IPHONEOS_DEPLOYMENT_TARGET = 15.5;
				MTL_ENABLE_DEBUG_INFO = NO;
				MTL_FAST_MATH = YES;
				SDKROOT = iphoneos;
				SWIFT_COMPILATION_MODE = wholemodule;
				SWIFT_OPTIMIZATION_LEVEL = "-O";
				VALIDATE_PRODUCT = YES;
			};
			name = Release;
		};
		8EFEAC97298CE9EC00CCE54D /* Debug */ = {
			isa = XCBuildConfiguration;
			buildSettings = {
				ASSETCATALOG_COMPILER_APPICON_NAME = AppIcon;
				ASSETCATALOG_COMPILER_GLOBAL_ACCENT_COLOR_NAME = AccentColor;
				CODE_SIGN_STYLE = Automatic;
				CURRENT_PROJECT_VERSION = 1;
				DEVELOPMENT_TEAM = DF6F6MAT77;
				GENERATE_INFOPLIST_FILE = YES;
				INFOPLIST_FILE = IntroduceStudent/Info.plist;
				INFOPLIST_KEY_UIApplicationSupportsIndirectInputEvents = YES;
				INFOPLIST_KEY_UILaunchStoryboardName = LaunchScreen;
				INFOPLIST_KEY_UIMainStoryboardFile = Main;
				INFOPLIST_KEY_UISupportedInterfaceOrientations_iPad = "UIInterfaceOrientationPortrait UIInterfaceOrientationPortraitUpsideDown UIInterfaceOrientationLandscapeLeft UIInterfaceOrientationLandscapeRight";
				INFOPLIST_KEY_UISupportedInterfaceOrientations_iPhone = "UIInterfaceOrientationPortrait UIInterfaceOrientationLandscapeLeft UIInterfaceOrientationLandscapeRight";
				LD_RUNPATH_SEARCH_PATHS = (
					"$(inherited)",
					"@executable_path/Frameworks",
				);
				MARKETING_VERSION = 1.0;
				PRODUCT_BUNDLE_IDENTIFIER = yerlandana.IntroduceStudent;
				PRODUCT_NAME = "$(TARGET_NAME)";
				SWIFT_EMIT_LOC_STRINGS = YES;
				SWIFT_VERSION = 5.0;
				TARGETED_DEVICE_FAMILY = "1,2";
			};
			name = Debug;
		};
		8EFEAC98298CE9EC00CCE54D /* Release */ = {
			isa = XCBuildConfiguration;
			buildSettings = {
				ASSETCATALOG_COMPILER_APPICON_NAME = AppIcon;
				ASSETCATALOG_COMPILER_GLOBAL_ACCENT_COLOR_NAME = AccentColor;
				CODE_SIGN_STYLE = Automatic;
				CURRENT_PROJECT_VERSION = 1;
				DEVELOPMENT_TEAM = DF6F6MAT77;
				GENERATE_INFOPLIST_FILE = YES;
				INFOPLIST_FILE = IntroduceStudent/Info.plist;
				INFOPLIST_KEY_UIApplicationSupportsIndirectInputEvents = YES;
				INFOPLIST_KEY_UILaunchStoryboardName = LaunchScreen;
				INFOPLIST_KEY_UIMainStoryboardFile = Main;
				INFOPLIST_KEY_UISupportedInterfaceOrientations_iPad = "UIInterfaceOrientationPortrait UIInterfaceOrientationPortraitUpsideDown UIInterfaceOrientationLandscapeLeft UIInterfaceOrientationLandscapeRight";
				INFOPLIST_KEY_UISupportedInterfaceOrientations_iPhone = "UIInterfaceOrientationPortrait UIInterfaceOrientationLandscapeLeft UIInterfaceOrientationLandscapeRight";
				LD_RUNPATH_SEARCH_PATHS = (
					"$(inherited)",
					"@executable_path/Frameworks",
				);
				MARKETING_VERSION = 1.0;
				PRODUCT_BUNDLE_IDENTIFIER = yerlandana.IntroduceStudent;
				PRODUCT_NAME = "$(TARGET_NAME)";
				SWIFT_EMIT_LOC_STRINGS = YES;
				SWIFT_VERSION = 5.0;
				TARGETED_DEVICE_FAMILY = "1,2";
			};
			name = Release;
		};
		8EFEAC9A298CE9EC00CCE54D /* Debug */ = {
			isa = XCBuildConfiguration;
			buildSettings = {
				ALWAYS_EMBED_SWIFT_STANDARD_LIBRARIES = YES;
				BUNDLE_LOADER = "$(TEST_HOST)";
				CODE_SIGN_STYLE = Automatic;
				CURRENT_PROJECT_VERSION = 1;
				DEVELOPMENT_TEAM = DF6F6MAT77;
				GENERATE_INFOPLIST_FILE = YES;
				IPHONEOS_DEPLOYMENT_TARGET = 15.5;
				MARKETING_VERSION = 1.0;
				PRODUCT_BUNDLE_IDENTIFIER = yerlandana.IntroduceStudentTests;
				PRODUCT_NAME = "$(TARGET_NAME)";
				SWIFT_EMIT_LOC_STRINGS = NO;
				SWIFT_VERSION = 5.0;
				TARGETED_DEVICE_FAMILY = "1,2";
				TEST_HOST = "$(BUILT_PRODUCTS_DIR)/IntroduceStudent.app/IntroduceStudent";
			};
			name = Debug;
		};
		8EFEAC9B298CE9EC00CCE54D /* Release */ = {
			isa = XCBuildConfiguration;
			buildSettings = {
				ALWAYS_EMBED_SWIFT_STANDARD_LIBRARIES = YES;
				BUNDLE_LOADER = "$(TEST_HOST)";
				CODE_SIGN_STYLE = Automatic;
				CURRENT_PROJECT_VERSION = 1;
				DEVELOPMENT_TEAM = DF6F6MAT77;
				GENERATE_INFOPLIST_FILE = YES;
				IPHONEOS_DEPLOYMENT_TARGET = 15.5;
				MARKETING_VERSION = 1.0;
				PRODUCT_BUNDLE_IDENTIFIER = yerlandana.IntroduceStudentTests;
				PRODUCT_NAME = "$(TARGET_NAME)";
				SWIFT_EMIT_LOC_STRINGS = NO;
				SWIFT_VERSION = 5.0;
				TARGETED_DEVICE_FAMILY = "1,2";
				TEST_HOST = "$(BUILT_PRODUCTS_DIR)/IntroduceStudent.app/IntroduceStudent";
			};
			name = Release;
		};
		8EFEAC9D298CE9EC00CCE54D /* Debug */ = {
			isa = XCBuildConfiguration;
			buildSettings = {
				ALWAYS_EMBED_SWIFT_STANDARD_LIBRARIES = YES;
				CODE_SIGN_STYLE = Automatic;
				CURRENT_PROJECT_VERSION = 1;
				DEVELOPMENT_TEAM = DF6F6MAT77;
				GENERATE_INFOPLIST_FILE = YES;
				MARKETING_VERSION = 1.0;
				PRODUCT_BUNDLE_IDENTIFIER = yerlandana.IntroduceStudentUITests;
				PRODUCT_NAME = "$(TARGET_NAME)";
				SWIFT_EMIT_LOC_STRINGS = NO;
				SWIFT_VERSION = 5.0;
				TARGETED_DEVICE_FAMILY = "1,2";
				TEST_TARGET_NAME = IntroduceStudent;
			};
			name = Debug;
		};
		8EFEAC9E298CE9EC00CCE54D /* Release */ = {
			isa = XCBuildConfiguration;
			buildSettings = {
				ALWAYS_EMBED_SWIFT_STANDARD_LIBRARIES = YES;
				CODE_SIGN_STYLE = Automatic;
				CURRENT_PROJECT_VERSION = 1;
				DEVELOPMENT_TEAM = DF6F6MAT77;
				GENERATE_INFOPLIST_FILE = YES;
				MARKETING_VERSION = 1.0;
				PRODUCT_BUNDLE_IDENTIFIER = yerlandana.IntroduceStudentUITests;
				PRODUCT_NAME = "$(TARGET_NAME)";
				SWIFT_EMIT_LOC_STRINGS = NO;
				SWIFT_VERSION = 5.0;
				TARGETED_DEVICE_FAMILY = "1,2";
				TEST_TARGET_NAME = IntroduceStudent;
			};
			name = Release;
		};
/* End XCBuildConfiguration section */

/* Begin XCConfigurationList section */
		8EFEAC67298CE9E900CCE54D /* Build configuration list for PBXProject "IntroduceStudent" */ = {
			isa = XCConfigurationList;
			buildConfigurations = (
				8EFEAC94298CE9EC00CCE54D /* Debug */,
				8EFEAC95298CE9EC00CCE54D /* Release */,
			);
			defaultConfigurationIsVisible = 0;
			defaultConfigurationName = Release;
		};
		8EFEAC96298CE9EC00CCE54D /* Build configuration list for PBXNativeTarget "IntroduceStudent" */ = {
			isa = XCConfigurationList;
			buildConfigurations = (
				8EFEAC97298CE9EC00CCE54D /* Debug */,
				8EFEAC98298CE9EC00CCE54D /* Release */,
			);
			defaultConfigurationIsVisible = 0;
			defaultConfigurationName = Release;
		};
		8EFEAC99298CE9EC00CCE54D /* Build configuration list for PBXNativeTarget "IntroduceStudentTests" */ = {
			isa = XCConfigurationList;
			buildConfigurations = (
				8EFEAC9A298CE9EC00CCE54D /* Debug */,
				8EFEAC9B298CE9EC00CCE54D /* Release */,
			);
			defaultConfigurationIsVisible = 0;
			defaultConfigurationName = Release;
		};
		8EFEAC9C298CE9EC00CCE54D /* Build configuration list for PBXNativeTarget "IntroduceStudentUITests" */ = {
			isa = XCConfigurationList;
			buildConfigurations = (
				8EFEAC9D298CE9EC00CCE54D /* Debug */,
				8EFEAC9E298CE9EC00CCE54D /* Release */,
			);
			defaultConfigurationIsVisible = 0;
			defaultConfigurationName = Release;
		};
/* End XCConfigurationList section */
	};
	rootObject = 8EFEAC64298CE9E900CCE54D /* Project object */;
}
